
Microsoft Visual Studio Solution File, Format Version 12.00
# Visual Studio Version 17
VisualStudioVersion = 17.5.33627.172
MinimumVisualStudioVersion = 10.0.40219.1
Project("{FAE04EC0-301F-11D3-BF4B-00C04F79EFBC}") = "aksyanov isp2-21", "aksyanov isp2-21.csproj", "{F09E2A2A-8E6D-4FFF-BF12-6AEA676AAA3D}"
EndProject
Global
	GlobalSection(SolutionConfigurationPlatforms) = preSolution
		Debug|Any CPU = Debug|Any CPU
		Release|Any CPU = Release|Any CPU
	EndGlobalSection
	GlobalSection(ProjectConfigurationPlatforms) = postSolution
		{F09E2A2A-8E6D-4FFF-BF12-6AEA676AAA3D}.Debug|Any CPU.ActiveCfg = Debug|Any CPU
		{F09E2A2A-8E6D-4FFF-BF12-6AEA676AAA3D}.Debug|Any CPU.Build.0 = Debug|Any CPU
		{F09E2A2A-8E6D-4FFF-BF12-6AEA676AAA3D}.Release|Any CPU.ActiveCfg = Release|Any CPU
		{F09E2A2A-8E6D-4FFF-BF12-6AEA676AAA3D}.Release|Any CPU.Build.0 = Release|Any CPU
	EndGlobalSection
	GlobalSection(SolutionProperties) = preSolution
		HideSolutionNode = FALSE
	EndGlobalSection
	GlobalSection(ExtensibilityGlobals) = postSolution
		SolutionGuid = {87213B5E-7761-4C6A-ADC9-4FDBB5E392AA}
	EndGlobalSection
EndGlobal
